[filters]
104apci: 104apci
104asdu: 104asdu
2dparityfec: 2dparityfec
3comxns: 3comxns
6lowpan: 6lowpan
9p: 9p
a11: a11
aal1: aal1
aal3_4: aal3_4
aarp: aarp
acap: acap
acn: acn
acp133: acp133
acse: acse
actrace: actrace
adp: adp
afp: afp
afs: afs
agentx: agentx
ah: ah
aim: aim
aim_admin: aim_admin
aim_adverts: aim_adverts
aim_bos: aim_bos
aim_buddylist: aim_buddylist
aim_chat: aim_chat
aim_chatnav: aim_chatnav
aim_dir: aim_dir
aim_email: aim_email
aim_generic: aim_generic
aim_icq: aim_icq
aim_invitation: aim_invitation
aim_location: aim_location
aim_lookup: aim_lookup
aim_messaging: aim_messaging
aim_oft: aim_oft
aim_popup: aim_popup
aim_signon: aim_signon
aim_ssi: aim_ssi
aim_sst: aim_sst
aim_stats: aim_stats
aim_translate: aim_translate
airopeek: airopeek
ajp13: ajp13
alc: alc
alcap: alcap
amqp: amqp
amr: amr
ams: ams
ancp: ancp
ans: ans
ansi_637_tele: ansi_637_tele
ansi_637_trans: ansi_637_trans
ansi_683: ansi_683
ansi_801: ansi_801
ansi_a_bsmap: ansi_a_bsmap
ansi_a_dtap: ansi_a_dtap
ansi_map: ansi_map
ansi_tcap: ansi_tcap
aodv: aodv
aoe: aoe
ap1394: ap1394
apap: apap
applemidi: applemidi
arcnet: arcnet
armagetronad: armagetronad
arp: arp
artnet: artnet
aruba_erm: aruba_erm
asap: asap
ascend: ascend
asf: asf
asn1: asn1
asp: asp
atm: atm
atp: atp
atsvc: atsvc
auto_rp: auto_rp
ax4000: ax4000
ayiya: ayiya
bacapp: bacapp
bacnet: bacnet
bacp: bacp
banana: banana
bap: bap
basicxid: basicxid
bat: bat
batadv: batadv
bcp: bcp
bctp: bctp
beep: beep
ber: ber
bfd: bfd
bgp: bgp
bicc: bicc
bittorrent: bittorrent
bjnp: bjnp
bofl: bofl
bootp: bootp
bootparams: bootparams
bossvr: bossvr
brdwlk: brdwlk
browser: browser
bssap: bssap
bssgp: bssgp
bsslap: bsslap
btamp: btamp
bthci_acl: bthci_acl
bthci_cmd: bthci_cmd
bthci_evt: bthci_evt
bthci_sco: bthci_sco
btl2cap: btl2cap
btobex: btobex
btrfcomm: btrfcomm
btsdp: btsdp
budb: budb
bundle: bundle
butc: butc
bvlc: bvlc
calcappprotocol: calcappprotocol
camel: camel
can: can
capwap: capwap
cast: cast
cba_acco_cb: cba_acco_cb
cba_acco_cb2: cba_acco_cb2
cba_acco_mgt: cba_acco_mgt
cba_acco_mgt2: cba_acco_mgt2
cba_acco_server: cba_acco_server
cba_acco_server2: cba_acco_server2
cba_acco_server_srt: cba_acco_server_srt
cba_acco_sync: cba_acco_sync
cba_browse: cba_browse
cba_browse2: cba_browse2
cba_grouperror: cba_grouperror
cba_grouperror_event: cba_grouperror_event
cba_ldev: cba_ldev
cba_ldev2: cba_ldev2
cba_pdev: cba_pdev
cba_pdev2: cba_pdev2
cba_pdev_pc: cba_pdev_pc
cba_pdev_pc_event: cba_pdev_pc_event
cba_persist: cba_persist
cba_persist2: cba_persist2
cba_rtauto: cba_rtauto
cba_rtauto2: cba_rtauto2
cba_state: cba_state
cba_state_event: cba_state_event
cba_sysprop: cba_sysprop
cba_time: cba_time
cbcp: cbcp
ccp: ccp
ccsds: ccsds
ccsrl: ccsrl
cdp: cdp
cdpcp: cdpcp
cds_clerkserver: cds_clerkserver
cds_solicit: cds_solicit
cdt: cdt
cflow: cflow
cfm: cfm
cgmp: cgmp
chap: chap
chargingase: chargingase
chdlc: chdlc
cigi: cigi
cimd: cimd
cimetrics: cimetrics
cip: cip
cipcco: cipcco
cipcls: cipcls
cipcm: cipcm
cipmr: cipmr
clacse: clacse
classicstun: classicstun
cldap: cldap
clearcase: clearcase
clnp: clnp
clpres: clpres
clsp: clsp
cltp: cltp
cmip: cmip
cmp: cmp
cmpp: cmpp
cms: cms
collectd: collectd
comp_data: comp_data
componentstatusprotocol: componentstatusprotocol
conv: conv
cops: cops
cosine: cosine
cotp: cotp
cpfi: cpfi
cpha: cpha
cprpc_server: cprpc_server
crmf: crmf
crtp: crtp
csm_encaps: csm_encaps
ctdb: ctdb
cups: cups
cwids: cwids
daap: daap
dap: dap
data: data
data-l1-events: data-l1-events
data-text-lines: data-text-lines
daytime: daytime
db-lsp: db-lsp
db-lsp-disc: db-lsp-disc
dc: dc
dcc: dcc
dccp: dccp
dce_update: dce_update
dcerpc: dcerpc
dcm: dcm
dcom: dcom
dcp-af: dcp-af
dcp-etsi: dcp-etsi
dcp-pft: dcp-pft
dcp-tpl: dcp-tpl
dct2000: dct2000
ddp: ddp
ddtp: ddtp
dec_dna: dec_dna
dec_stp: dec_stp
dect: dect
dhcpfo: dhcpfo
dhcpv6: dhcpv6
diameter: diameter
diameter3gpp: diameter3gpp
dicom: dicom
dis: dis
disp: disp
dispatch: dispatch
distcc: distcc
dlm3: dlm3
dlr: dlr
dlsw: dlsw
dmp: dmp
dnp3: dnp3
dns: dns
dnsserver: dnsserver
docsis: docsis
docsis_bintrngreq: docsis_bintrngreq
docsis_bpkmattr: docsis_bpkmattr
docsis_bpkmreq: docsis_bpkmreq
docsis_bpkmrsp: docsis_bpkmrsp
docsis_dccack: docsis_dccack
docsis_dccreq: docsis_dccreq
docsis_dccrsp: docsis_dccrsp
docsis_dcd: docsis_dcd
docsis_dsaack: docsis_dsaack
docsis_dsareq: docsis_dsareq
docsis_dsarsp: docsis_dsarsp
docsis_dscack: docsis_dscack
docsis_dscreq: docsis_dscreq
docsis_dscrsp: docsis_dscrsp
docsis_dsdreq: docsis_dsdreq
docsis_dsdrsp: docsis_dsdrsp
docsis_intrngreq: docsis_intrngreq
docsis_map: docsis_map
docsis_mdd: docsis_mdd
docsis_mgmt: docsis_mgmt
docsis_regack: docsis_regack
docsis_regreq: docsis_regreq
docsis_regreqmp: docsis_regreqmp
docsis_regrsp: docsis_regrsp
docsis_regrspmp: docsis_regrspmp
docsis_rngreq: docsis_rngreq
docsis_rngrsp: docsis_rngrsp
docsis_sync: docsis_sync
docsis_tlv: docsis_tlv
docsis_type29ucd: docsis_type29ucd
docsis_uccreq: docsis_uccreq
docsis_uccrsp: docsis_uccrsp
docsis_ucd: docsis_ucd
docsis_vsif: docsis_vsif
dop: dop
dplay: dplay
dpnss: dpnss
dpnss_link: dpnss_link
drda: drda
drsuapi: drsuapi
dsi: dsi
dsp: dsp
dssetup: dssetup
dtls: dtls
dtp: dtp
dtpt: dtpt
dtsprovider: dtsprovider
dtsstime_req: dtsstime_req
dua: dua
dvmrp: dvmrp
e100: e100
e164: e164
e212: e212
eap: eap
eapol: eapol
ecat: ecat
ecat_mailbox: ecat_mailbox
echo: echo
edonkey: edonkey
edp: edp
efs: efs
egd: egd
ehs: ehs
eigrp: eigrp
enc: enc
enip: enip
enrp: enrp
enttec: enttec
epl: epl
epl_v1: epl_v1
epm: epm
epm4: epm4
epmd: epmd
erf: erf
erspan: erspan
esis: esis
esl: esl
esp: esp
ess: ess
eth: eth
ethercat: ethercat
etheric: etheric
etherip: etherip
eventlog: eventlog
evrc: evrc
exec: exec
expert: expert
fc: fc
fcct: fcct
fcdns: fcdns
fcels: fcels
fcfzs: fcfzs
fcip: fcip
fcoe: fcoe
fcp: fcp
fcs: fcs
fcsof: fcsof
fcsp: fcsp
fddi: fddi
fefd: fefd
ff: ff
fileexp: fileexp
fip: fip
fix: fix
fldb: fldb
flip: flip
fmp: fmp
fmp_notify: fmp_notify
fp: fp
fp_hint: fp_hint
fr: fr
fractalgeneratorprotocol: fractalgeneratorprotocol
frame: frame
frsapi: frsapi
frsrpc: frsrpc
frstrans: frstrans
ftam: ftam
ftp: ftp
ftp-data: ftp-data
ftserver: ftserver
fw1: fw1
g723: g723
gdsdb: gdsdb
gift: gift
giop: giop
giop-coseventcomm: giop-coseventcomm
giop-cosnaming: giop-cosnaming
giop-parlay: giop-parlay
giop-tango: giop-tango
git: git
glbp: glbp
gmhdr: gmhdr
gmrp: gmrp
gnm: gnm
gnutella: gnutella
goose: goose
gpef: gpef
gprs-ns: gprs-ns
gprs_ns: gprs_ns
gre: gre
gryphon: gryphon
gsm-sms-ud: gsm-sms-ud
gsm_a_bssmap: gsm_a_bssmap
gsm_a_ccch: gsm_a_ccch
gsm_a_common: gsm_a_common
gsm_a_dtap: gsm_a_dtap
gsm_a_gm: gsm_a_gm
gsm_a_rp: gsm_a_rp
gsm_a_sacch: gsm_a_sacch
gsm_bssmap_le: gsm_bssmap_le
gsm_ipa: gsm_ipa
gsm_map: gsm_map
gsm_sms: gsm_sms
gsm_um: gsm_um
gsmtap: gsmtap
gss-api: gss-api
gtp: gtp
gtpv2: gtpv2
gvcp: gvcp
gvrp: gvrp
h1: h1
h221nonstd: h221nonstd
h223: h223
h223_bitswapped: h223_bitswapped
h225: h225
h235: h235
h245: h245
h248: h248
h2483gpp: h2483gpp
h248an: h248an
h248c: h248c
h248chp: h248chp
h248e: h248e
h248q1950: h248q1950
h261: h261
h263: h263
h263data: h263data
h263p: h263p
h264: h264
h323: h323
h450: h450
h460: h460
h501: h501
hci_h1: hci_h1
hci_h4: hci_h4
hclnfsd: hclnfsd
hi2operations: hi2operations
hilscher: hilscher
hip: hip
hnbap: hnbap
homeplug: homeplug
hp_erm: hp_erm
hpext: hpext
hpsw: hpsw
hpteam: hpteam
hsrp: hsrp
http: http
hyperscsi: hyperscsi
i2c: i2c
iap: iap
iapp: iapp
iax2: iax2
icap: icap
icep: icep
icl_rpc: icl_rpc
icmp: icmp
icmpv6: icmpv6
icp: icp
icq: icq
idp: idp
ieee1722: ieee1722
ieee8021ad: ieee8021ad
ieee8021ah: ieee8021ah
ieee802a: ieee802a
ifcp: ifcp
igap: igap
igmp: igmp
igrp: igrp
ilmi: ilmi
image-gif: image-gif
image-jfif: image-jfif
imap: imap
imf: imf
inap: inap
infiniband: infiniband
infiniband_link: infiniband_link
initshutdown: initshutdown
interlink: interlink
ioraw: ioraw
ip: ip
ipaccess: ipaccess
ipars: ipars
ipcomp: ipcomp
ipcp: ipcp
ipdc: ipdc
ipfc: ipfc
ipmi: ipmi
ipmi-session: ipmi-session
ipnet: ipnet
ipp: ipp
ipsictl: ipsictl
ipv6: ipv6
ipv6cp: ipv6cp
ipvs: ipvs
ipx: ipx
ipxmsg: ipxmsg
ipxrip: ipxrip
ipxsap: ipxsap
ipxwan: ipxwan
irc: irc
ircomm: ircomm
irlap: irlap
irlmp: irlmp
isakmp: isakmp
iscsi: iscsi
isdn: isdn
isis: isis
isl: isl
ismacryp: ismacryp
ismp: ismp
isns: isns
isup: isup
isup_thin: isup_thin
isystemactivator: isystemactivator
itdm: itdm
itunes: itunes
iua: iua
iuup: iuup
iwarp_ddp_rdmap: iwarp_ddp_rdmap
iwarp_mpa: iwarp_mpa
jabber: jabber
jmirror: jmirror
jpeg: jpeg
juniper: juniper
jxta: jxta
k12: k12
kadm5: kadm5
kdp: kdp
kerberos: kerberos
kf: kf
kink: kink
kismet: kismet
klm: klm
kpasswd: kpasswd
krb4: krb4
krb5rpc: krb5rpc
l2tp: l2tp
lane: lane
lanforge: lanforge
lanman: lanman
lapb: lapb
lapbether: lapbether
lapd: lapd
lapdm: lapdm
laplink: laplink
lcp: lcp
lct: lct
ldap: ldap
ldp: ldp
ldss: ldss
lge_monitor: lge_monitor
linx: linx
list: list
llap: llap
llb: llb
llc: llc
llcgprs: llcgprs
lldp: lldp
llt: llt
lmi: lmi
lmp: lmp
log: log
logotypecertextn: logotypecertextn
loop: loop
lpd: lpd
lsa: lsa
lsarpc: lsarpc
lsc: lsc
lte_rrc: lte_rrc
ltp: ltp
lwapp: lwapp
lwapp-cntl: lwapp-cntl
lwapp-l3: lwapp-l3
lwres: lwres
m2m: m2m
m2pa: m2pa
m2tp: m2tp
m2ua: m2ua
m3ua: m3ua
mac: mac
mac-lte: mac-lte
macc: macc
mailslot: mailslot
malformed: malformed
manolito: manolito
mapi: mapi
mate: mate
mbtcp: mbtcp
mdshdr: mdshdr
media: media
megaco: megaco
memcache: memcache
mesh: mesh
message-http: message-http
messenger: messenger
meta: meta
mgcp: mgcp
mgmt: mgmt
mibs: mibs
mikey: mikey
mime_multipart: mime_multipart
miop: miop
mip: mip
mipv6: mipv6
mms: mms
mmse: mmse
mount: mount
mp: mp
mp2t: mp2t
mp4v-es: mp4v-es
mpeg: mpeg
mpeg-pes: mpeg-pes
mpeg1: mpeg1
mpls: mpls
mpls-echo: mpls-echo
mplscp: mplscp
mplspwatm11_or_aal5pdu: mplspwatm11_or_aal5pdu
mplspwatmaal5sdu: mplspwatmaal5sdu
mplspwatmcell: mplspwatmcell
mplspwatmcellheader: mplspwatmcellheader
mplspwatmcontrolword: mplspwatmcontrolword
mplspwatmn1cw: mplspwatmn1cw
mplspwatmn1nocw: mplspwatmn1nocw
mq: mq
mqpcf: mqpcf
mrdisc: mrdisc
mrp-msrp: mrp-msrp
mscml: mscml
msdp: msdp
msmms: msmms
msnip: msnip
msnlb: msnlb
msnms: msnms
msproxy: msproxy
msrp: msrp
mstp: mstp
mtp2: mtp2
mtp3: mtp3
mtp3mg: mtp3mg
mysql: mysql
nas-eps: nas-eps
nasdaq_itch: nasdaq_itch
nasdaq_soup: nasdaq_soup
nat-pmp: nat-pmp
nb_rtpmux: nb_rtpmux
nbap: nbap
nbd: nbd
nbdgm: nbdgm
nbipx: nbipx
nbns: nbns
nbp: nbp
nbss: nbss
ncp: ncp
ncs: ncs
ndmp: ndmp
ndps: ndps
netbios: netbios
netdfs: netdfs
netdump: netdump
netmon_802_11: netmon_802_11
netsync: netsync
nettl: nettl
newmail: newmail
nfs: nfs
nfsacl: nfsacl
nfsauth: nfsauth
nhrp: nhrp
nisplus: nisplus
nispluscb: nispluscb
njack: njack
nlm: nlm
nlsp: nlsp
nmas: nmas
nmpi: nmpi
nntp: nntp
norm: norm
npmp: npmp
ns: ns
ns_cert_exts: ns_cert_exts
nsip: nsip
nspi: nspi
nsrp: nsrp
ntlmssp: ntlmssp
ntp: ntp
null: null
nw_mtp: nw_mtp
nw_serial: nw_serial
oamaal: oamaal
ocsp: ocsp
oicq: oicq
olsr: olsr
omapi: omapi
omron: omron
opcua: opcua
opsi: opsi
osi: osi
osicp: osicp
ospf: ospf
oxid: oxid
p3: p3
p7: p7
p_mul: p_mul
packetbb: packetbb
packetlogger: packetlogger
pagp: pagp
paketcable_avps: paketcable_avps
paltalk: paltalk
pana: pana
pap: pap
pcap: pcap
pcep: pcep
pcli: pcli
pcnfsd: pcnfsd
pdcp-lte: pdcp-lte
per: per
pflog: pflog
pflog-old: pflog-old
pgm: pgm
pgsql: pgsql
pim: pim
pingpongprotocol: pingpongprotocol
pipe: pipe
pkcs-1: pkcs-1
pkcs12: pkcs12
pkinit: pkinit
pkix-cert: pkix-cert
pkix1explicit: pkix1explicit
pkix1implicit: pkix1implicit
pkixac: pkixac
pkixproxy: pkixproxy
pkixqualified: pkixqualified
pkixtsp: pkixtsp
pkt_ccc: pkt_ccc
pktc: pktc
pktgen: pktgen
pn_dcp: pn_dcp
pn_io: pn_io
pn_mrp: pn_mrp
pn_mrrt: pn_mrrt
pn_ptcp: pn_ptcp
pn_rt: pn_rt
png: png
pnp: pnp
pnrp: pnrp
poc-settings: poc-settings
pop: pop
portmap: portmap
ppi: ppi
ppp: ppp
ppp_hdlc: ppp_hdlc
pppmux: pppmux
pppmuxcp: pppmuxcp
pppoe: pppoe
pppoed: pppoed
pppoes: pppoes
pptp: pptp
pres: pres
presence: presence
prism: prism
prp: prp
ptp: ptp
pvfs: pvfs
pw_atm_n2o_cw: pw_atm_n2o_cw
pw_atm_n2o_nocw: pw_atm_n2o_nocw
pw_hdlc_nocw_fr: pw_hdlc_nocw_fr
pw_hdlc_nocw_hdlc_ppp: pw_hdlc_nocw_hdlc_ppp
pwach: pwach
pwcesopsn: pwcesopsn
pwethcw: pwethcw
pwethheuristic: pwethheuristic
pwethnocw: pwethnocw
pwfr: pwfr
pwmcw: pwmcw
pwpadding: pwpadding
pwsatopcw: pwsatopcw
q2931: q2931
q708: q708
q931: q931
q932: q932
q933: q933
qllc: qllc
qsig: qsig
quake: quake
quake2: quake2
quake3: quake3
quakeworld: quakeworld
r-stp: r-stp
r3: r3
radio: radio
radiotap: radiotap
radius: radius
ranap: ranap
raw: raw
raw_sigcomp: raw_sigcomp
raw_sip: raw_sip
rdaclif: rdaclif
rdc: rdc
rdm: rdm
rdt: rdt
redback: redback
redbackli: redbackli
reginfo: reginfo
remact: remact
remunk: remunk
remunk2: remunk2
rep_proc: rep_proc
rfc2190: rfc2190
rfr: rfr
rgmp: rgmp
rip: rip
ripng: ripng
rlc: rlc
rlc-lte: rlc-lte
rlm: rlm
rlogin: rlogin
rmcp: rmcp
rmi: rmi
rmp: rmp
rnsap: rnsap
roofnet: roofnet
ros: ros
roverride: roverride
rpc: rpc
rpc_browser: rpc_browser
rpc_netlogon: rpc_netlogon
rpcap: rpcap
rpl: rpl
rpriv: rpriv
rquota: rquota
rras: rras
rrc: rrc
rrlp: rrlp
rs_acct: rs_acct
rs_attr: rs_attr
rs_attr_schema: rs_attr_schema
rs_bind: rs_bind
rs_misc: rs_misc
rs_pgo: rs_pgo
rs_plcy: rs_plcy
rs_prop_acct: rs_prop_acct
rs_prop_acl: rs_prop_acl
rs_prop_attr: rs_prop_attr
rs_prop_pgo: rs_prop_pgo
rs_prop_plcy: rs_prop_plcy
rs_pwd_mgmt: rs_pwd_mgmt
rs_repadm: rs_repadm
rs_replist: rs_replist
rs_repmgr: rs_repmgr
rs_unix: rs_unix
rsec_login: rsec_login
rsh: rsh
rsl: rsl
rsp: rsp
rss: rss
rstat: rstat
rsvp: rsvp
rsync: rsync
rtcfg: rtcfg
rtcp: rtcp
rtmac: rtmac
rtmp: rtmp
rtmpt: rtmpt
rtp: rtp
rtpevent: rtpevent
rtps: rtps
rtps2: rtps2
rtse: rtse
rtsp: rtsp
rua: rua
rudp: rudp
rwall: rwall
rx: rx
s1ap: s1ap
s4406: s4406
s5066: s5066
sabp: sabp
sadmind: sadmind
samr: samr
sap: sap
sasp: sasp
sb3: sb3
sbus: sbus
sccp: sccp
sccpmg: sccpmg
scsi: scsi
scsi_mmc: scsi_mmc
scsi_osd: scsi_osd
scsi_sbc: scsi_sbc
scsi_smc: scsi_smc
scsi_ssc: scsi_ssc
sctp: sctp
sdlc: sdlc
sdp: sdp
sebek: sebek
secidmap: secidmap
sercosiii: sercosiii
serialization: serialization
ses: ses
sflow: sflow
sgimount: sgimount
short: short
sigcomp: sigcomp
simulcrypt: simulcrypt
sip: sip
sipfrag: sipfrag
sir: sir
sita: sita
skinny: skinny
slarp: slarp
slimp3: slimp3
sll: sll
slow: slow
slsk: slsk
sm: sm
smb: smb
smb2: smb2
smb_netlogon: smb_netlogon
smil: smil
smpp: smpp
smrse: smrse
smtp: smtp
smux: smux
sna: sna
sna_xid: sna_xid
snaeth: snaeth
sndcp: sndcp
sndcpxid: sndcpxid
snmp: snmp
socks: socks
sonmp: sonmp
spnego: spnego
spnego-krb5: spnego-krb5
spoolss: spoolss
spp: spp
spray: spray
spx: spx
srp: srp
srvloc: srvloc
srvsvc: srvsvc
sscf-nni: sscf-nni
sscop: sscop
ssh: ssh
ssl: ssl
ssp: ssp
sss: sss
starteam: starteam
stat: stat
statnotify: statnotify
stp: stp
stun: stun
stun2: stun2
sua: sua
sv: sv
svcctl: svcctl
swils: swils
symantec: symantec
synergy: synergy
synphasor: synphasor
syslog: syslog
t125: t125
t30: t30
t38: t38
tacacs: tacacs
tacplus: tacplus
tali: tali
tapa: tapa
tapi: tapi
tc_nv: tc_nv
tcap: tcap
tcp: tcp
tcpcl: tcpcl
tcpencap: tcpencap
tdma: tdma
tds: tds
tei_management: tei_management
telkonet: telkonet
telnet: telnet
teredo: teredo
tftp: tftp
time: time
tipc: tipc
tivoconnect: tivoconnect
tkn4int: tkn4int
tn3270: tn3270
tn5250: tn5250
tnef: tnef
tns: tns
tpcp: tpcp
tpkt: tpkt
tpncp: tpncp
tr: tr
trill: trill
trksvr: trksvr
trmac: trmac
ts2: ts2
tsp: tsp
tte: tte
tte_pcf: tte_pcf
ttp: ttp
turbocell: turbocell
turbocell_aggregate: turbocell_aggregate
turnchannel: turnchannel
tuxedo: tuxedo
tzsp: tzsp
ubikdisk: ubikdisk
ubikvote: ubikvote
ucp: ucp
udld: udld
udp: udp
udpencap: udpencap
udplite: udplite
ulp: ulp
uma: uma
unistim: unistim
unreassembled: unreassembled
usb: usb
usbhid: usbhid
usbhub: usbhub
usbms: usbms
user_dlt: user_dlt
uts: uts
v120: v120
v52: v52
v5ua: v5ua
vcdu: vcdu
vicp: vicp
vines_arp: vines_arp
vines_echo: vines_echo
vines_frp: vines_frp
vines_icp: vines_icp
vines_ip: vines_ip
vines_ipc: vines_ipc
vines_llc: vines_llc
vines_rtp: vines_rtp
vines_spp: vines_spp
vj: vj
vlan: vlan
vmlab: vmlab
vnc: vnc
vrrp: vrrp
vsncp: vsncp
vsnp: vsnp
vtp: vtp
vxi11async: vxi11async
vxi11core: vxi11core
vxi11intr: vxi11intr
wap-sir: wap-sir
wassp: wassp
watcherinfo: watcherinfo
wbxml: wbxml
wccp: wccp
wcp: wcp
whdlc: whdlc
who: who
wimaxasncp: wimaxasncp
winreg: winreg
winsrepl: winsrepl
wkssvc: wkssvc
wlan: wlan
wlan_aggregate: wlan_aggregate
wlan_mgt: wlan_mgt
wlancap: wlancap
wlancertextn: wlancertextn
wlccp: wlccp
wmx: wmx
wol: wol
wow: wow
wpan: wpan
wpan-nonask-phy: wpan-nonask-phy
wps: wps
wsmp: wsmp
wsp: wsp
wtls: wtls
wtp: wtp
wzcsvc: wzcsvc
x11: x11
x224: x224
x25: x25
x29: x29
x2ap: x2ap
x411: x411
x420: x420
x509af: x509af
x509ce: x509ce
x509if: x509if
x509sat: x509sat
xcap-caps: xcap-caps
xcap-error: xcap-error
xcsl: xcsl
xdmcp: xdmcp
xml: xml
xot: xot
xtp: xtp
xyplex: xyplex
yhoo: yhoo
ymsg: ymsg
ypbind: ypbind
yppasswd: yppasswd
ypserv: ypserv
ypxfr: ypxfr
zebra: zebra
zep: zep
ziop: ziop
zip: zip
zrtp: zrtp
